github.com/koykov/cbyte v1.0.2 h1:blVuncKNShq667C2t0+qH6q67md6zDBV2dfcOsqJ8eI=
github.com/koykov/cbyte v1.0.2/go.mod h1:/iasaCojwQHkDvABUJ6YdbV3+EaanD8TlnQdxOuz83w=
github.com/koykov/fastconv v1.0.0 h1:WnsCYcrrQkUWEKK4VbVX7BuGb6jFhE8Q0Ebl3eAkHic=
github.com/koykov/fastconv v1.0.0/go.mod h1:Y7I12pumAx+2iH1Yh0X85UpywP7IET/+M7S17toJBes=
github.com/koykov/lbpool v1.0.1 h1:2zb7GOj+fYF2dxG15DTdwfKWn19RkOk8w1aGPlvgHd4=
github.com/koykov/lbpool v1.0.1/go.mod h1:BAP4KCJGGY065PiCwGFt2etMadUboRm3bxyDz85fiuc=
